
Microsoft Visual Studio Solution File, Format Version 12.00
# Visual Studio Version 17
VisualStudioVersion = 17.0.31903.59
MinimumVisualStudioVersion = 10.0.40219.1
Project("{2150E333-8FDC-42A3-9474-1A3956D46DE8}") = "src", "src", "{827E0CD3-B72D-47B6-A68D-7590B98EB39B}"
EndProject
Project("{FAE04EC0-301F-11D3-BF4B-00C04F79EFBC}") = "PsaWeb.Host", "src\PsaWeb.Host\PsaWeb.Host.csproj", "{4C380F5A-20EE-496B-B128-D4B624953998}"
EndProject
Project("{FAE04EC0-301F-11D3-BF4B-00C04F79EFBC}") = "PsaWeb.Shared", "src\PsaWeb.Shared\PsaWeb.Shared.csproj", "{59BBA8ED-04A3-4F4B-9735-D5299BFDF21F}"
EndProject
Project("{FAE04EC0-301F-11D3-BF4B-00C04F79EFBC}") = "PsaWeb.Sage50", "src\PsaWeb.Sage50\PsaWeb.Sage50.csproj", "{23DC65FE-2C14-493E-A0A9-14DB1A0660A7}"
EndProject
Project("{FAE04EC0-301F-11D3-BF4B-00C04F79EFBC}") = "PsaWeb.Modules.CierreDeCaja", "modules\PsaWeb.Modules.CierreDeCaja\PsaWeb.Modules.CierreDeCaja.csproj", "{BE1488D8-BF46-4ADA-ACFF-22FDCDDF18AD}"
EndProject
Project("{2150E333-8FDC-42A3-9474-1A3956D46DE8}") = "tests", "tests", "{0AB3BF05-4346-4AA6-1389-037BE0695223}"
EndProject
Project("{FAE04EC0-301F-11D3-BF4B-00C04F79EFBC}") = "PsaWeb.CierreDeCaja.Tests", "tests\PsaWeb.CierreDeCaja.Tests\PsaWeb.CierreDeCaja.Tests.csproj", "{D1695087-1181-4081-BFBA-E0A523375A0B}"
EndProject
Project("{FAE04EC0-301F-11D3-BF4B-00C04F79EFBC}") = "PsaWeb.PeachEbills", "src\PsaWeb.PeachEbills\PsaWeb.PeachEbills.csproj", "{684B1842-EBED-4BCE-9A57-1E6028A0D183}"
EndProject
Project("{FAE04EC0-301F-11D3-BF4B-00C04F79EFBC}") = "PsaWeb.PeachEbills.Tests", "tests\PsaWeb.PeachEbills.Tests\PsaWeb.PeachEbills.Tests.csproj", "{3951A50A-17A6-4DA6-80E0-ABDA8A5673AE}"
EndProject
Project("{FAE04EC0-301F-11D3-BF4B-00C04F79EFBC}") = "PsaWeb.Datil", "src\PsaWeb.Datil\PsaWeb.Datil.csproj", "{A27E37F3-E8AE-479A-AFFB-37A43FC70AC2}"
EndProject
Project("{FAE04EC0-301F-11D3-BF4B-00C04F79EFBC}") = "PsaWeb.Datil.Tests", "tests\PsaWeb.Datil.Tests\PsaWeb.Datil.Tests.csproj", "{8F281FD4-4A4A-4C30-B627-F27A01F421C9}"
EndProject
Project("{FAE04EC0-301F-11D3-BF4B-00C04F79EFBC}") = "PsaWeb.Comprobantes", "src\PsaWeb.Comprobantes\PsaWeb.Comprobantes.csproj", "{A8E43B78-2A1C-4C7E-8719-8CA42EF1F753}"
EndProject
Project("{FAE04EC0-301F-11D3-BF4B-00C04F79EFBC}") = "PsaWeb.Comprobantes.Tests", "tests\PsaWeb.Comprobantes.Tests\PsaWeb.Comprobantes.Tests.csproj", "{B2487257-AEC3-43FB-8972-E31D4E9CDA9D}"
EndProject
Project("{2150E333-8FDC-42A3-9474-1A3956D46DE8}") = "modules", "modules", "{CA253913-39DE-BFD0-C9A3-4B7EC6FBDF17}"
EndProject
Project("{FAE04EC0-301F-11D3-BF4B-00C04F79EFBC}") = "PsaWeb.Modules.Retenciones", "modules\PsaWeb.Modules.Retenciones\PsaWeb.Modules.Retenciones.csproj", "{68DC7216-E30F-4EC7-8B6A-5D36725FD93F}"
EndProject
Project("{FAE04EC0-301F-11D3-BF4B-00C04F79EFBC}") = "PsaWeb.Modules.Retenciones.Tests", "tests\PsaWeb.Modules.Retenciones.Tests\PsaWeb.Modules.Retenciones.Tests.csproj", "{CE580F90-563F-44C5-8558-CBBD683C3ADD}"
EndProject
Project("{FAE04EC0-301F-11D3-BF4B-00C04F79EFBC}") = "PsaWeb.Seguridad", "src\PsaWeb.Seguridad\PsaWeb.Seguridad.csproj", "{52051ACF-2144-4383-8ECC-2461EC7CA0EC}"
EndProject
Project("{FAE04EC0-301F-11D3-BF4B-00C04F79EFBC}") = "PsaWeb.Seguridad.Tests", "tests\PsaWeb.Seguridad.Tests\PsaWeb.Seguridad.Tests.csproj", "{34A22508-9983-4D60-956C-435804B4A061}"
EndProject
Project("{FAE04EC0-301F-11D3-BF4B-00C04F79EFBC}") = "PsaWeb.Identidad", "src\PsaWeb.Identidad\PsaWeb.Identidad.csproj", "{057CF6C9-263F-454E-9871-6B4CD6BFB378}"
EndProject
Project("{FAE04EC0-301F-11D3-BF4B-00C04F79EFBC}") = "PsaWeb.Identidad.Tests", "tests\PsaWeb.Identidad.Tests\PsaWeb.Identidad.Tests.csproj", "{F9BCB221-F3B6-4531-AE35-D1293C0181B6}"
EndProject
Global
	GlobalSection(SolutionConfigurationPlatforms) = preSolution
		Debug|Any CPU = Debug|Any CPU
		Debug|x64 = Debug|x64
		Debug|x86 = Debug|x86
		Release|Any CPU = Release|Any CPU
		Release|x64 = Release|x64
		Release|x86 = Release|x86
	EndGlobalSection
	GlobalSection(ProjectConfigurationPlatforms) = postSolution
		{4C380F5A-20EE-496B-B128-D4B624953998}.Debug|Any CPU.ActiveCfg = Debug|Any CPU
		{4C380F5A-20EE-496B-B128-D4B624953998}.Debug|Any CPU.Build.0 = Debug|Any CPU
		{4C380F5A-20EE-496B-B128-D4B624953998}.Debug|x64.ActiveCfg = Debug|Any CPU
		{4C380F5A-20EE-496B-B128-D4B624953998}.Debug|x64.Build.0 = Debug|Any CPU
		{4C380F5A-20EE-496B-B128-D4B624953998}.Debug|x86.ActiveCfg = Debug|Any CPU
		{4C380F5A-20EE-496B-B128-D4B624953998}.Debug|x86.Build.0 = Debug|Any CPU
		{4C380F5A-20EE-496B-B128-D4B624953998}.Release|Any CPU.ActiveCfg = Release|Any CPU
		{4C380F5A-20EE-496B-B128-D4B624953998}.Release|Any CPU.Build.0 = Release|Any CPU
		{4C380F5A-20EE-496B-B128-D4B624953998}.Release|x64.ActiveCfg = Release|Any CPU
		{4C380F5A-20EE-496B-B128-D4B624953998}.Release|x64.Build.0 = Release|Any CPU
		{4C380F5A-20EE-496B-B128-D4B624953998}.Release|x86.ActiveCfg = Release|Any CPU
		{4C380F5A-20EE-496B-B128-D4B624953998}.Release|x86.Build.0 = Release|Any CPU
		{59BBA8ED-04A3-4F4B-9735-D5299BFDF21F}.Debug|Any CPU.ActiveCfg = Debug|Any CPU
		{59BBA8ED-04A3-4F4B-9735-D5299BFDF21F}.Debug|Any CPU.Build.0 = Debug|Any CPU
		{59BBA8ED-04A3-4F4B-9735-D5299BFDF21F}.Debug|x64.ActiveCfg = Debug|Any CPU
		{59BBA8ED-04A3-4F4B-9735-D5299BFDF21F}.Debug|x64.Build.0 = Debug|Any CPU
		{59BBA8ED-04A3-4F4B-9735-D5299BFDF21F}.Debug|x86.ActiveCfg = Debug|Any CPU
		{59BBA8ED-04A3-4F4B-9735-D5299BFDF21F}.Debug|x86.Build.0 = Debug|Any CPU
		{59BBA8ED-04A3-4F4B-9735-D5299BFDF21F}.Release|Any CPU.ActiveCfg = Release|Any CPU
		{59BBA8ED-04A3-4F4B-9735-D5299BFDF21F}.Release|Any CPU.Build.0 = Release|Any CPU
		{59BBA8ED-04A3-4F4B-9735-D5299BFDF21F}.Release|x64.ActiveCfg = Release|Any CPU
		{59BBA8ED-04A3-4F4B-9735-D5299BFDF21F}.Release|x64.Build.0 = Release|Any CPU
		{59BBA8ED-04A3-4F4B-9735-D5299BFDF21F}.Release|x86.ActiveCfg = Release|Any CPU
		{59BBA8ED-04A3-4F4B-9735-D5299BFDF21F}.Release|x86.Build.0 = Release|Any CPU
		{23DC65FE-2C14-493E-A0A9-14DB1A0660A7}.Debug|Any CPU.ActiveCfg = Debug|Any CPU
		{23DC65FE-2C14-493E-A0A9-14DB1A0660A7}.Debug|Any CPU.Build.0 = Debug|Any CPU
		{23DC65FE-2C14-493E-A0A9-14DB1A0660A7}.Debug|x64.ActiveCfg = Debug|Any CPU
		{23DC65FE-2C14-493E-A0A9-14DB1A0660A7}.Debug|x64.Build.0 = Debug|Any CPU
		{23DC65FE-2C14-493E-A0A9-14DB1A0660A7}.Debug|x86.ActiveCfg = Debug|Any CPU
		{23DC65FE-2C14-493E-A0A9-14DB1A0660A7}.Debug|x86.Build.0 = Debug|Any CPU
		{23DC65FE-2C14-493E-A0A9-14DB1A0660A7}.Release|Any CPU.ActiveCfg = Release|Any CPU
		{23DC65FE-2C14-493E-A0A9-14DB1A0660A7}.Release|Any CPU.Build.0 = Release|Any CPU
		{23DC65FE-2C14-493E-A0A9-14DB1A0660A7}.Release|x64.ActiveCfg = Release|Any CPU
		{23DC65FE-2C14-493E-A0A9-14DB1A0660A7}.Release|x64.Build.0 = Release|Any CPU
		{23DC65FE-2C14-493E-A0A9-14DB1A0660A7}.Release|x86.ActiveCfg = Release|Any CPU
		{23DC65FE-2C14-493E-A0A9-14DB1A0660A7}.Release|x86.Build.0 = Release|Any CPU
		{BE1488D8-BF46-4ADA-ACFF-22FDCDDF18AD}.Debug|Any CPU.ActiveCfg = Debug|Any CPU
		{BE1488D8-BF46-4ADA-ACFF-22FDCDDF18AD}.Debug|Any CPU.Build.0 = Debug|Any CPU
		{BE1488D8-BF46-4ADA-ACFF-22FDCDDF18AD}.Debug|x64.ActiveCfg = Debug|Any CPU
		{BE1488D8-BF46-4ADA-ACFF-22FDCDDF18AD}.Debug|x64.Build.0 = Debug|Any CPU
		{BE1488D8-BF46-4ADA-ACFF-22FDCDDF18AD}.Debug|x86.ActiveCfg = Debug|Any CPU
		{BE1488D8-BF46-4ADA-ACFF-22FDCDDF18AD}.Debug|x86.Build.0 = Debug|Any CPU
		{BE1488D8-BF46-4ADA-ACFF-22FDCDDF18AD}.Release|Any CPU.ActiveCfg = Release|Any CPU
		{BE1488D8-BF46-4ADA-ACFF-22FDCDDF18AD}.Release|Any CPU.Build.0 = Release|Any CPU
		{BE1488D8-BF46-4ADA-ACFF-22FDCDDF18AD}.Release|x64.ActiveCfg = Release|Any CPU
		{BE1488D8-BF46-4ADA-ACFF-22FDCDDF18AD}.Release|x64.Build.0 = Release|Any CPU
		{BE1488D8-BF46-4ADA-ACFF-22FDCDDF18AD}.Release|x86.ActiveCfg = Release|Any CPU
		{BE1488D8-BF46-4ADA-ACFF-22FDCDDF18AD}.Release|x86.Build.0 = Release|Any CPU
		{D1695087-1181-4081-BFBA-E0A523375A0B}.Debug|Any CPU.ActiveCfg = Debug|Any CPU
		{D1695087-1181-4081-BFBA-E0A523375A0B}.Debug|Any CPU.Build.0 = Debug|Any CPU
		{D1695087-1181-4081-BFBA-E0A523375A0B}.Debug|x64.ActiveCfg = Debug|Any CPU
		{D1695087-1181-4081-BFBA-E0A523375A0B}.Debug|x64.Build.0 = Debug|Any CPU
		{D1695087-1181-4081-BFBA-E0A523375A0B}.Debug|x86.ActiveCfg = Debug|Any CPU
		{D1695087-1181-4081-BFBA-E0A523375A0B}.Debug|x86.Build.0 = Debug|Any CPU
		{D1695087-1181-4081-BFBA-E0A523375A0B}.Release|Any CPU.ActiveCfg = Release|Any CPU
		{D1695087-1181-4081-BFBA-E0A523375A0B}.Release|Any CPU.Build.0 = Release|Any CPU
		{D1695087-1181-4081-BFBA-E0A523375A0B}.Release|x64.ActiveCfg = Release|Any CPU
		{D1695087-1181-4081-BFBA-E0A523375A0B}.Release|x64.Build.0 = Release|Any CPU
		{D1695087-1181-4081-BFBA-E0A523375A0B}.Release|x86.ActiveCfg = Release|Any CPU
		{D1695087-1181-4081-BFBA-E0A523375A0B}.Release|x86.Build.0 = Release|Any CPU
		{684B1842-EBED-4BCE-9A57-1E6028A0D183}.Debug|Any CPU.ActiveCfg = Debug|Any CPU
		{684B1842-EBED-4BCE-9A57-1E6028A0D183}.Debug|Any CPU.Build.0 = Debug|Any CPU
		{684B1842-EBED-4BCE-9A57-1E6028A0D183}.Debug|x64.ActiveCfg = Debug|Any CPU
		{684B1842-EBED-4BCE-9A57-1E6028A0D183}.Debug|x64.Build.0 = Debug|Any CPU
		{684B1842-EBED-4BCE-9A57-1E6028A0D183}.Debug|x86.ActiveCfg = Debug|Any CPU
		{684B1842-EBED-4BCE-9A57-1E6028A0D183}.Debug|x86.Build.0 = Debug|Any CPU
		{684B1842-EBED-4BCE-9A57-1E6028A0D183}.Release|Any CPU.ActiveCfg = Release|Any CPU
		{684B1842-EBED-4BCE-9A57-1E6028A0D183}.Release|Any CPU.Build.0 = Release|Any CPU
		{684B1842-EBED-4BCE-9A57-1E6028A0D183}.Release|x64.ActiveCfg = Release|Any CPU
		{684B1842-EBED-4BCE-9A57-1E6028A0D183}.Release|x64.Build.0 = Release|Any CPU
		{684B1842-EBED-4BCE-9A57-1E6028A0D183}.Release|x86.ActiveCfg = Release|Any CPU
		{684B1842-EBED-4BCE-9A57-1E6028A0D183}.Release|x86.Build.0 = Release|Any CPU
		{3951A50A-17A6-4DA6-80E0-ABDA8A5673AE}.Debug|Any CPU.ActiveCfg = Debug|Any CPU
		{3951A50A-17A6-4DA6-80E0-ABDA8A5673AE}.Debug|Any CPU.Build.0 = Debug|Any CPU
		{3951A50A-17A6-4DA6-80E0-ABDA8A5673AE}.Debug|x64.ActiveCfg = Debug|Any CPU
		{3951A50A-17A6-4DA6-80E0-ABDA8A5673AE}.Debug|x64.Build.0 = Debug|Any CPU
		{3951A50A-17A6-4DA6-80E0-ABDA8A5673AE}.Debug|x86.ActiveCfg = Debug|Any CPU
		{3951A50A-17A6-4DA6-80E0-ABDA8A5673AE}.Debug|x86.Build.0 = Debug|Any CPU
		{3951A50A-17A6-4DA6-80E0-ABDA8A5673AE}.Release|Any CPU.ActiveCfg = Release|Any CPU
		{3951A50A-17A6-4DA6-80E0-ABDA8A5673AE}.Release|Any CPU.Build.0 = Release|Any CPU
		{3951A50A-17A6-4DA6-80E0-ABDA8A5673AE}.Release|x64.ActiveCfg = Release|Any CPU
		{3951A50A-17A6-4DA6-80E0-ABDA8A5673AE}.Release|x64.Build.0 = Release|Any CPU
		{3951A50A-17A6-4DA6-80E0-ABDA8A5673AE}.Release|x86.ActiveCfg = Release|Any CPU
		{3951A50A-17A6-4DA6-80E0-ABDA8A5673AE}.Release|x86.Build.0 = Release|Any CPU
		{A27E37F3-E8AE-479A-AFFB-37A43FC70AC2}.Debug|Any CPU.ActiveCfg = Debug|Any CPU
		{A27E37F3-E8AE-479A-AFFB-37A43FC70AC2}.Debug|Any CPU.Build.0 = Debug|Any CPU
		{A27E37F3-E8AE-479A-AFFB-37A43FC70AC2}.Debug|x64.ActiveCfg = Debug|Any CPU
		{A27E37F3-E8AE-479A-AFFB-37A43FC70AC2}.Debug|x64.Build.0 = Debug|Any CPU
		{A27E37F3-E8AE-479A-AFFB-37A43FC70AC2}.Debug|x86.ActiveCfg = Debug|Any CPU
		{A27E37F3-E8AE-479A-AFFB-37A43FC70AC2}.Debug|x86.Build.0 = Debug|Any CPU
		{A27E37F3-E8AE-479A-AFFB-37A43FC70AC2}.Release|Any CPU.ActiveCfg = Release|Any CPU
		{A27E37F3-E8AE-479A-AFFB-37A43FC70AC2}.Release|Any CPU.Build.0 = Release|Any CPU
		{A27E37F3-E8AE-479A-AFFB-37A43FC70AC2}.Release|x64.ActiveCfg = Release|Any CPU
		{A27E37F3-E8AE-479A-AFFB-37A43FC70AC2}.Release|x64.Build.0 = Release|Any CPU
		{A27E37F3-E8AE-479A-AFFB-37A43FC70AC2}.Release|x86.ActiveCfg = Release|Any CPU
		{A27E37F3-E8AE-479A-AFFB-37A43FC70AC2}.Release|x86.Build.0 = Release|Any CPU
		{8F281FD4-4A4A-4C30-B627-F27A01F421C9}.Debug|Any CPU.ActiveCfg = Debug|Any CPU
		{8F281FD4-4A4A-4C30-B627-F27A01F421C9}.Debug|Any CPU.Build.0 = Debug|Any CPU
		{8F281FD4-4A4A-4C30-B627-F27A01F421C9}.Debug|x64.ActiveCfg = Debug|Any CPU
		{8F281FD4-4A4A-4C30-B627-F27A01F421C9}.Debug|x64.Build.0 = Debug|Any CPU
		{8F281FD4-4A4A-4C30-B627-F27A01F421C9}.Debug|x86.ActiveCfg = Debug|Any CPU
		{8F281FD4-4A4A-4C30-B627-F27A01F421C9}.Debug|x86.Build.0 = Debug|Any CPU
		{8F281FD4-4A4A-4C30-B627-F27A01F421C9}.Release|Any CPU.ActiveCfg = Release|Any CPU
		{8F281FD4-4A4A-4C30-B627-F27A01F421C9}.Release|Any CPU.Build.0 = Release|Any CPU
		{8F281FD4-4A4A-4C30-B627-F27A01F421C9}.Release|x64.ActiveCfg = Release|Any CPU
		{8F281FD4-4A4A-4C30-B627-F27A01F421C9}.Release|x64.Build.0 = Release|Any CPU
		{8F281FD4-4A4A-4C30-B627-F27A01F421C9}.Release|x86.ActiveCfg = Release|Any CPU
		{8F281FD4-4A4A-4C30-B627-F27A01F421C9}.Release|x86.Build.0 = Release|Any CPU
		{A8E43B78-2A1C-4C7E-8719-8CA42EF1F753}.Debug|Any CPU.ActiveCfg = Debug|Any CPU
		{A8E43B78-2A1C-4C7E-8719-8CA42EF1F753}.Debug|Any CPU.Build.0 = Debug|Any CPU
		{A8E43B78-2A1C-4C7E-8719-8CA42EF1F753}.Debug|x64.ActiveCfg = Debug|Any CPU
		{A8E43B78-2A1C-4C7E-8719-8CA42EF1F753}.Debug|x64.Build.0 = Debug|Any CPU
		{A8E43B78-2A1C-4C7E-8719-8CA42EF1F753}.Debug|x86.ActiveCfg = Debug|Any CPU
		{A8E43B78-2A1C-4C7E-8719-8CA42EF1F753}.Debug|x86.Build.0 = Debug|Any CPU
		{A8E43B78-2A1C-4C7E-8719-8CA42EF1F753}.Release|Any CPU.ActiveCfg = Release|Any CPU
		{A8E43B78-2A1C-4C7E-8719-8CA42EF1F753}.Release|Any CPU.Build.0 = Release|Any CPU
		{A8E43B78-2A1C-4C7E-8719-8CA42EF1F753}.Release|x64.ActiveCfg = Release|Any CPU
		{A8E43B78-2A1C-4C7E-8719-8CA42EF1F753}.Release|x64.Build.0 = Release|Any CPU
		{A8E43B78-2A1C-4C7E-8719-8CA42EF1F753}.Release|x86.ActiveCfg = Release|Any CPU
		{A8E43B78-2A1C-4C7E-8719-8CA42EF1F753}.Release|x86.Build.0 = Release|Any CPU
		{B2487257-AEC3-43FB-8972-E31D4E9CDA9D}.Debug|Any CPU.ActiveCfg = Debug|Any CPU
		{B2487257-AEC3-43FB-8972-E31D4E9CDA9D}.Debug|Any CPU.Build.0 = Debug|Any CPU
		{B2487257-AEC3-43FB-8972-E31D4E9CDA9D}.Debug|x64.ActiveCfg = Debug|Any CPU
		{B2487257-AEC3-43FB-8972-E31D4E9CDA9D}.Debug|x64.Build.0 = Debug|Any CPU
		{B2487257-AEC3-43FB-8972-E31D4E9CDA9D}.Debug|x86.ActiveCfg = Debug|Any CPU
		{B2487257-AEC3-43FB-8972-E31D4E9CDA9D}.Debug|x86.Build.0 = Debug|Any CPU
		{B2487257-AEC3-43FB-8972-E31D4E9CDA9D}.Release|Any CPU.ActiveCfg = Release|Any CPU
		{B2487257-AEC3-43FB-8972-E31D4E9CDA9D}.Release|Any CPU.Build.0 = Release|Any CPU
		{B2487257-AEC3-43FB-8972-E31D4E9CDA9D}.Release|x64.ActiveCfg = Release|Any CPU
		{B2487257-AEC3-43FB-8972-E31D4E9CDA9D}.Release|x64.Build.0 = Release|Any CPU
		{B2487257-AEC3-43FB-8972-E31D4E9CDA9D}.Release|x86.ActiveCfg = Release|Any CPU
		{B2487257-AEC3-43FB-8972-E31D4E9CDA9D}.Release|x86.Build.0 = Release|Any CPU
		{68DC7216-E30F-4EC7-8B6A-5D36725FD93F}.Debug|Any CPU.ActiveCfg = Debug|Any CPU
		{68DC7216-E30F-4EC7-8B6A-5D36725FD93F}.Debug|Any CPU.Build.0 = Debug|Any CPU
		{68DC7216-E30F-4EC7-8B6A-5D36725FD93F}.Debug|x64.ActiveCfg = Debug|Any CPU
		{68DC7216-E30F-4EC7-8B6A-5D36725FD93F}.Debug|x64.Build.0 = Debug|Any CPU
		{68DC7216-E30F-4EC7-8B6A-5D36725FD93F}.Debug|x86.ActiveCfg = Debug|Any CPU
		{68DC7216-E30F-4EC7-8B6A-5D36725FD93F}.Debug|x86.Build.0 = Debug|Any CPU
		{68DC7216-E30F-4EC7-8B6A-5D36725FD93F}.Release|Any CPU.ActiveCfg = Release|Any CPU
		{68DC7216-E30F-4EC7-8B6A-5D36725FD93F}.Release|Any CPU.Build.0 = Release|Any CPU
		{68DC7216-E30F-4EC7-8B6A-5D36725FD93F}.Release|x64.ActiveCfg = Release|Any CPU
		{68DC7216-E30F-4EC7-8B6A-5D36725FD93F}.Release|x64.Build.0 = Release|Any CPU
		{68DC7216-E30F-4EC7-8B6A-5D36725FD93F}.Release|x86.ActiveCfg = Release|Any CPU
		{68DC7216-E30F-4EC7-8B6A-5D36725FD93F}.Release|x86.Build.0 = Release|Any CPU
		{CE580F90-563F-44C5-8558-CBBD683C3ADD}.Debug|Any CPU.ActiveCfg = Debug|Any CPU
		{CE580F90-563F-44C5-8558-CBBD683C3ADD}.Debug|Any CPU.Build.0 = Debug|Any CPU
		{CE580F90-563F-44C5-8558-CBBD683C3ADD}.Debug|x64.ActiveCfg = Debug|Any CPU
		{CE580F90-563F-44C5-8558-CBBD683C3ADD}.Debug|x64.Build.0 = Debug|Any CPU
		{CE580F90-563F-44C5-8558-CBBD683C3ADD}.Debug|x86.ActiveCfg = Debug|Any CPU
		{CE580F90-563F-44C5-8558-CBBD683C3ADD}.Debug|x86.Build.0 = Debug|Any CPU
		{CE580F90-563F-44C5-8558-CBBD683C3ADD}.Release|Any CPU.ActiveCfg = Release|Any CPU
		{CE580F90-563F-44C5-8558-CBBD683C3ADD}.Release|Any CPU.Build.0 = Release|Any CPU
		{CE580F90-563F-44C5-8558-CBBD683C3ADD}.Release|x64.ActiveCfg = Release|Any CPU
		{CE580F90-563F-44C5-8558-CBBD683C3ADD}.Release|x64.Build.0 = Release|Any CPU
		{CE580F90-563F-44C5-8558-CBBD683C3ADD}.Release|x86.ActiveCfg = Release|Any CPU
		{CE580F90-563F-44C5-8558-CBBD683C3ADD}.Release|x86.Build.0 = Release|Any CPU
		{52051ACF-2144-4383-8ECC-2461EC7CA0EC}.Debug|Any CPU.ActiveCfg = Debug|Any CPU
		{52051ACF-2144-4383-8ECC-2461EC7CA0EC}.Debug|Any CPU.Build.0 = Debug|Any CPU
		{52051ACF-2144-4383-8ECC-2461EC7CA0EC}.Debug|x64.ActiveCfg = Debug|Any CPU
		{52051ACF-2144-4383-8ECC-2461EC7CA0EC}.Debug|x64.Build.0 = Debug|Any CPU
		{52051ACF-2144-4383-8ECC-2461EC7CA0EC}.Debug|x86.ActiveCfg = Debug|Any CPU
		{52051ACF-2144-4383-8ECC-2461EC7CA0EC}.Debug|x86.Build.0 = Debug|Any CPU
		{52051ACF-2144-4383-8ECC-2461EC7CA0EC}.Release|Any CPU.ActiveCfg = Release|Any CPU
		{52051ACF-2144-4383-8ECC-2461EC7CA0EC}.Release|Any CPU.Build.0 = Release|Any CPU
		{52051ACF-2144-4383-8ECC-2461EC7CA0EC}.Release|x64.ActiveCfg = Release|Any CPU
		{52051ACF-2144-4383-8ECC-2461EC7CA0EC}.Release|x64.Build.0 = Release|Any CPU
		{52051ACF-2144-4383-8ECC-2461EC7CA0EC}.Release|x86.ActiveCfg = Release|Any CPU
		{52051ACF-2144-4383-8ECC-2461EC7CA0EC}.Release|x86.Build.0 = Release|Any CPU
		{34A22508-9983-4D60-956C-435804B4A061}.Debug|Any CPU.ActiveCfg = Debug|Any CPU
		{34A22508-9983-4D60-956C-435804B4A061}.Debug|Any CPU.Build.0 = Debug|Any CPU
		{34A22508-9983-4D60-956C-435804B4A061}.Debug|x64.ActiveCfg = Debug|Any CPU
		{34A22508-9983-4D60-956C-435804B4A061}.Debug|x64.Build.0 = Debug|Any CPU
		{34A22508-9983-4D60-956C-435804B4A061}.Debug|x86.ActiveCfg = Debug|Any CPU
		{34A22508-9983-4D60-956C-435804B4A061}.Debug|x86.Build.0 = Debug|Any CPU
		{34A22508-9983-4D60-956C-435804B4A061}.Release|Any CPU.ActiveCfg = Release|Any CPU
		{34A22508-9983-4D60-956C-435804B4A061}.Release|Any CPU.Build.0 = Release|Any CPU
		{34A22508-9983-4D60-956C-435804B4A061}.Release|x64.ActiveCfg = Release|Any CPU
		{34A22508-9983-4D60-956C-435804B4A061}.Release|x64.Build.0 = Release|Any CPU
		{34A22508-9983-4D60-956C-435804B4A061}.Release|x86.ActiveCfg = Release|Any CPU
		{34A22508-9983-4D60-956C-435804B4A061}.Release|x86.Build.0 = Release|Any CPU
		{057CF6C9-263F-454E-9871-6B4CD6BFB378}.Debug|Any CPU.ActiveCfg = Debug|Any CPU
		{057CF6C9-263F-454E-9871-6B4CD6BFB378}.Debug|Any CPU.Build.0 = Debug|Any CPU
		{057CF6C9-263F-454E-9871-6B4CD6BFB378}.Debug|x64.ActiveCfg = Debug|Any CPU
		{057CF6C9-263F-454E-9871-6B4CD6BFB378}.Debug|x64.Build.0 = Debug|Any CPU
		{057CF6C9-263F-454E-9871-6B4CD6BFB378}.Debug|x86.ActiveCfg = Debug|Any CPU
		{057CF6C9-263F-454E-9871-6B4CD6BFB378}.Debug|x86.Build.0 = Debug|Any CPU
		{057CF6C9-263F-454E-9871-6B4CD6BFB378}.Release|Any CPU.ActiveCfg = Release|Any CPU
		{057CF6C9-263F-454E-9871-6B4CD6BFB378}.Release|Any CPU.Build.0 = Release|Any CPU
		{057CF6C9-263F-454E-9871-6B4CD6BFB378}.Release|x64.ActiveCfg = Release|Any CPU
		{057CF6C9-263F-454E-9871-6B4CD6BFB378}.Release|x64.Build.0 = Release|Any CPU
		{057CF6C9-263F-454E-9871-6B4CD6BFB378}.Release|x86.ActiveCfg = Release|Any CPU
		{057CF6C9-263F-454E-9871-6B4CD6BFB378}.Release|x86.Build.0 = Release|Any CPU
		{F9BCB221-F3B6-4531-AE35-D1293C0181B6}.Debug|Any CPU.ActiveCfg = Debug|Any CPU
		{F9BCB221-F3B6-4531-AE35-D1293C0181B6}.Debug|Any CPU.Build.0 = Debug|Any CPU
		{F9BCB221-F3B6-4531-AE35-D1293C0181B6}.Debug|x64.ActiveCfg = Debug|Any CPU
		{F9BCB221-F3B6-4531-AE35-D1293C0181B6}.Debug|x64.Build.0 = Debug|Any CPU
		{F9BCB221-F3B6-4531-AE35-D1293C0181B6}.Debug|x86.ActiveCfg = Debug|Any CPU
		{F9BCB221-F3B6-4531-AE35-D1293C0181B6}.Debug|x86.Build.0 = Debug|Any CPU
		{F9BCB221-F3B6-4531-AE35-D1293C0181B6}.Release|Any CPU.ActiveCfg = Release|Any CPU
		{F9BCB221-F3B6-4531-AE35-D1293C0181B6}.Release|Any CPU.Build.0 = Release|Any CPU
		{F9BCB221-F3B6-4531-AE35-D1293C0181B6}.Release|x64.ActiveCfg = Release|Any CPU
		{F9BCB221-F3B6-4531-AE35-D1293C0181B6}.Release|x64.Build.0 = Release|Any CPU
		{F9BCB221-F3B6-4531-AE35-D1293C0181B6}.Release|x86.ActiveCfg = Release|Any CPU
		{F9BCB221-F3B6-4531-AE35-D1293C0181B6}.Release|x86.Build.0 = Release|Any CPU
	EndGlobalSection
	GlobalSection(SolutionProperties) = preSolution
		HideSolutionNode = FALSE
	EndGlobalSection
	GlobalSection(NestedProjects) = preSolution
		{4C380F5A-20EE-496B-B128-D4B624953998} = {827E0CD3-B72D-47B6-A68D-7590B98EB39B}
		{59BBA8ED-04A3-4F4B-9735-D5299BFDF21F} = {827E0CD3-B72D-47B6-A68D-7590B98EB39B}
		{23DC65FE-2C14-493E-A0A9-14DB1A0660A7} = {827E0CD3-B72D-47B6-A68D-7590B98EB39B}
		{BE1488D8-BF46-4ADA-ACFF-22FDCDDF18AD} = {827E0CD3-B72D-47B6-A68D-7590B98EB39B}
		{D1695087-1181-4081-BFBA-E0A523375A0B} = {0AB3BF05-4346-4AA6-1389-037BE0695223}
		{684B1842-EBED-4BCE-9A57-1E6028A0D183} = {827E0CD3-B72D-47B6-A68D-7590B98EB39B}
		{3951A50A-17A6-4DA6-80E0-ABDA8A5673AE} = {0AB3BF05-4346-4AA6-1389-037BE0695223}
		{A27E37F3-E8AE-479A-AFFB-37A43FC70AC2} = {827E0CD3-B72D-47B6-A68D-7590B98EB39B}
		{8F281FD4-4A4A-4C30-B627-F27A01F421C9} = {0AB3BF05-4346-4AA6-1389-037BE0695223}
		{A8E43B78-2A1C-4C7E-8719-8CA42EF1F753} = {827E0CD3-B72D-47B6-A68D-7590B98EB39B}
		{B2487257-AEC3-43FB-8972-E31D4E9CDA9D} = {0AB3BF05-4346-4AA6-1389-037BE0695223}
		{68DC7216-E30F-4EC7-8B6A-5D36725FD93F} = {CA253913-39DE-BFD0-C9A3-4B7EC6FBDF17}
		{CE580F90-563F-44C5-8558-CBBD683C3ADD} = {0AB3BF05-4346-4AA6-1389-037BE0695223}
		{52051ACF-2144-4383-8ECC-2461EC7CA0EC} = {827E0CD3-B72D-47B6-A68D-7590B98EB39B}
		{34A22508-9983-4D60-956C-435804B4A061} = {0AB3BF05-4346-4AA6-1389-037BE0695223}
		{057CF6C9-263F-454E-9871-6B4CD6BFB378} = {827E0CD3-B72D-47B6-A68D-7590B98EB39B}
		{F9BCB221-F3B6-4531-AE35-D1293C0181B6} = {0AB3BF05-4346-4AA6-1389-037BE0695223}
	EndGlobalSection
EndGlobal
